github.com/mradrianhh/Navigator v0.1.0 h1:bstByFnWnRFTS44D4K2srXQ06AnsEY3pGuxEjbJrXq8=
github.com/mradrianhh/Navigator v0.1.0/go.mod h1:6oXgxOODJbL4FKI4e+gZlUPLc4cs2IbmpcEDoWNCRyY=
github.com/mradrianhh/Networker v0.0.0-20201027083804-7128edf3ae46 h1:j7JYuDYKl/2AAHOiDzO5ksclCa3JzGD12cPD7ZTVj3c=
github.com/mradrianhh/Networker v0.0.0-20201027083804-7128edf3ae46/go.mod h1:rXWBZOltGmgQ+WzjN6Wmgl+PjJVPh4tEbjX62cRsWyM=
github.com/mradrianhh/Networker v0.1.0 h1:TjLtaeW//ajXFCBpuwqGSkbbQnDeNA4hWWsgKibZmuY=
github.com/mradrianhh/Networker v0.1.0/go.mod h1:rXWBZOltGmgQ+WzjN6Wmgl+PjJVPh4tEbjX62cRsWyM=
github.com/mradrianhh/Networker v0.1.1 h1:bb9Awx9EjXlBayt2aIEdGJrSOioRySFH9yx12bRqHjY=
github.com/mradrianhh/Networker v0.1.1/go.mod h1:rXWBZOltGmgQ+WzjN6Wmgl+PjJVPh4tEbjX62cRsWyM=
github.com/mradrianhh/Networker v0.1.2 h1:VMgEwyEhcnrCBP8w25iUgYHJiAM26wpLQuBvBzF5odA=
github.com/mradrianhh/Networker v0.1.2/go.mod h1:rXWBZOltGmgQ+WzjN6Wmgl+PjJVPh4tEbjX62cRsWyM=
github.com/mradrianhh/Networker v0.1.3 h1:fm9Lsjx7bq1sXa2lTNL7PvjrqCljOhwRcm/jfiZyypo=
github.com/mradrianhh/Networker v0.1.3/go.mod h1:rXWBZOltGmgQ+WzjN6Wmgl+PjJVPh4tEbjX62cRsWyM=
github.com/mradrianhh/Networker v0.1.4 h1:GxQ8dSWWqyM2aPgcr2PeY0vW3NcP22gT1Oq+RlYOh1E=
github.com/mradrianhh/Networker v0.1.4/go.mod h1:rXWBZOltGmgQ+WzjN6Wmgl+PjJVPh4tEbjX62cRsWyM=
github.com/mradrianhh/Networker v0.1.5 h1:6JsGqELnoP5RebE2KjUBI/DjKySWHS1yC9YAGl7663o=
github.com/mradrianhh/Networker v0.1.5/go.mod h1:rXWBZOltGmgQ+WzjN6Wmgl+PjJVPh4tEbjX62cRsWyM=
github.com/mradrianhh/Networker v0.1.6 h1:N+y7mP9nX2mrQybUvgxhhy3fvxglBGM2rRyYKXKLGoM=
github.com/mradrianhh/Networker v0.1.6/go.mod h1:rXWBZOltGmgQ+WzjN6Wmgl+PjJVPh4tEbjX62cRsWyM=
